
Microsoft Visual Studio Solution File, Format Version 12.00
# Visual Studio Version 17
VisualStudioVersion = 17.5.002.0
MinimumVisualStudioVersion = 10.0.40219.1
Project("{2150E333-8FDC-42A3-9474-1A3956D46DE8}") = "backend", "backend", "{E1F81FA3-92BE-411E-A8F3-4041E70D5A78}"
EndProject
Project("{FAE04EC0-301F-11D3-BF4B-00C04F79EFBC}") = "Domain", "backend\Domain\Domain.csproj", "{EF9B6F15-CC6D-44CB-B3FA-6C60D0AE42A3}"
EndProject
Project("{FAE04EC0-301F-11D3-BF4B-00C04F79EFBC}") = "Api", "backend\Api\Api.csproj", "{422B77C9-67EC-47FD-B372-0A04EA3E1C7C}"
EndProject
Project("{FAE04EC0-301F-11D3-BF4B-00C04F79EFBC}") = "Application", "backend\Application\Application.csproj", "{B4AADFD3-33C1-4BE1-8B3F-F0F9FDC6361C}"
EndProject
Project("{FAE04EC0-301F-11D3-BF4B-00C04F79EFBC}") = "Infrastructure", "backend\Infrastructure\Infrastructure.csproj", "{51F7997C-5487-433F-87AC-68F09DEC301F}"
EndProject
Global
	GlobalSection(SolutionConfigurationPlatforms) = preSolution
		Debug|Any CPU = Debug|Any CPU
		Release|Any CPU = Release|Any CPU
	EndGlobalSection
	GlobalSection(ProjectConfigurationPlatforms) = postSolution
		{EF9B6F15-CC6D-44CB-B3FA-6C60D0AE42A3}.Debug|Any CPU.ActiveCfg = Debug|Any CPU
		{EF9B6F15-CC6D-44CB-B3FA-6C60D0AE42A3}.Debug|Any CPU.Build.0 = Debug|Any CPU
		{EF9B6F15-CC6D-44CB-B3FA-6C60D0AE42A3}.Release|Any CPU.ActiveCfg = Release|Any CPU
		{EF9B6F15-CC6D-44CB-B3FA-6C60D0AE42A3}.Release|Any CPU.Build.0 = Release|Any CPU
		{422B77C9-67EC-47FD-B372-0A04EA3E1C7C}.Debug|Any CPU.ActiveCfg = Debug|Any CPU
		{422B77C9-67EC-47FD-B372-0A04EA3E1C7C}.Debug|Any CPU.Build.0 = Debug|Any CPU
		{422B77C9-67EC-47FD-B372-0A04EA3E1C7C}.Release|Any CPU.ActiveCfg = Release|Any CPU
		{422B77C9-67EC-47FD-B372-0A04EA3E1C7C}.Release|Any CPU.Build.0 = Release|Any CPU
		{B4AADFD3-33C1-4BE1-8B3F-F0F9FDC6361C}.Debug|Any CPU.ActiveCfg = Debug|Any CPU
		{B4AADFD3-33C1-4BE1-8B3F-F0F9FDC6361C}.Debug|Any CPU.Build.0 = Debug|Any CPU
		{B4AADFD3-33C1-4BE1-8B3F-F0F9FDC6361C}.Release|Any CPU.ActiveCfg = Release|Any CPU
		{B4AADFD3-33C1-4BE1-8B3F-F0F9FDC6361C}.Release|Any CPU.Build.0 = Release|Any CPU
		{51F7997C-5487-433F-87AC-68F09DEC301F}.Debug|Any CPU.ActiveCfg = Debug|Any CPU
		{51F7997C-5487-433F-87AC-68F09DEC301F}.Debug|Any CPU.Build.0 = Debug|Any CPU
		{51F7997C-5487-433F-87AC-68F09DEC301F}.Release|Any CPU.ActiveCfg = Release|Any CPU
		{51F7997C-5487-433F-87AC-68F09DEC301F}.Release|Any CPU.Build.0 = Release|Any CPU
	EndGlobalSection
	GlobalSection(SolutionProperties) = preSolution
		HideSolutionNode = FALSE
	EndGlobalSection
	GlobalSection(NestedProjects) = preSolution
		{EF9B6F15-CC6D-44CB-B3FA-6C60D0AE42A3} = {E1F81FA3-92BE-411E-A8F3-4041E70D5A78}
		{422B77C9-67EC-47FD-B372-0A04EA3E1C7C} = {E1F81FA3-92BE-411E-A8F3-4041E70D5A78}
		{B4AADFD3-33C1-4BE1-8B3F-F0F9FDC6361C} = {E1F81FA3-92BE-411E-A8F3-4041E70D5A78}
		{51F7997C-5487-433F-87AC-68F09DEC301F} = {E1F81FA3-92BE-411E-A8F3-4041E70D5A78}
	EndGlobalSection
	GlobalSection(ExtensibilityGlobals) = postSolution
		SolutionGuid = {5D14D37E-8B54-4EF9-8A7B-8F52A812F31B}
	EndGlobalSection
EndGlobal
